{
  "version": "5",
  "specifiers": {
    "jsr:@denosaurs/plug@1.1.0": "1.1.0",
    "jsr:@sigma/pty-ffi@0.42.0": "0.42.0",
    "jsr:@std/assert@^1.0.19": "1.0.19",
    "jsr:@std/cli@^1.0.32": "1.0.32",
    "jsr:@std/encoding@1": "1.0.11",
    "jsr:@std/encoding@^1.0.11": "1.0.11",
    "jsr:@std/fmt@1": "1.0.10",
    "jsr:@std/fmt@^1.0.10": "1.0.10",
    "jsr:@std/fs@1": "1.0.24",
    "jsr:@std/fs@^1.0.24": "1.0.24",
    "jsr:@std/html@^1.0.7": "1.0.7",
    "jsr:@std/http@1": "1.1.3",
    "jsr:@std/internal@^1.0.14": "1.0.14",
    "jsr:@std/media-types@^1.1.0": "1.1.0",
    "jsr:@std/net@^1.0.6": "1.0.6",
    "jsr:@std/path@1": "1.1.6",
    "jsr:@std/path@1.1.6": "1.1.6",
    "jsr:@std/path@^1.1.5": "1.1.6",
    "jsr:@std/path@^1.1.6": "1.1.6",
    "jsr:@std/streams@^1.1.2": "1.1.2",
    "npm:@opentelemetry/api@1.9.1": "1.9.1",
    "npm:@tursodatabase/database@0.7.2": "0.7.2"
  },
  "jsr": {
    "@denosaurs/plug@1.1.0": {
      "integrity": "eb2f0b7546c7bca2000d8b0282c54d50d91cf6d75cb26a80df25a6de8c4bc044",
      "dependencies": [
        "jsr:@std/encoding@1",
        "jsr:@std/fmt@1",
        "jsr:@std/fs@1",
        "jsr:@std/path@1"
      ]
    },
    "@sigma/pty-ffi@0.42.0": {
      "integrity": "cce3f9aec567227b4eb9d11f2dc8deda0da57e7d10cc83ad436f91410334c842",
      "dependencies": [
        "jsr:@denosaurs/plug",
        "jsr:@std/assert"
      ]
    },
    "@std/assert@1.0.19": {
      "integrity": "eaada96ee120cb980bc47e040f82814d786fe8162ecc53c91d8df60b8755991e"
    },
    "@std/cli@1.0.32": {
      "integrity": "188b3a100d6202d64e3f5bd3d799c7fa4f6d77f92cc65eb7f641c1fa0aa92a66"
    },
    "@std/encoding@1.0.11": {
      "integrity": "e7cef2f0b3153bccc17431e7c864a1de03a4b6d9647389c43e08aaa775d37385"
    },
    "@std/fmt@1.0.10": {
      "integrity": "90dfba288802ac6de82fb31d0917eb9e4450b9925b954d5e51fc29ac07419db5"
    },
    "@std/fs@1.0.24": {
      "integrity": "f3061b45b81673a2bece689da041df32d174be064c89eb6397fb5718d3fb7877",
      "dependencies": [
        "jsr:@std/internal",
        "jsr:@std/path@^1.1.5"
      ]
    },
    "@std/html@1.0.7": {
      "integrity": "175c818905a6e75743c69c251395e273d82698e58cfe7dd76268d70e28b8d8fe"
    },
    "@std/http@1.1.3": {
      "integrity": "73a98e05ff58aa18bea562d286172e6c815b1eddd4fcab194beda19e3683b88c",
      "dependencies": [
        "jsr:@std/cli",
        "jsr:@std/encoding@^1.0.11",
        "jsr:@std/fmt@^1.0.10",
        "jsr:@std/fs@^1.0.24",
        "jsr:@std/html",
        "jsr:@std/media-types",
        "jsr:@std/net",
        "jsr:@std/path@^1.1.6",
        "jsr:@std/streams"
      ]
    },
    "@std/internal@1.0.14": {
      "integrity": "291516b3d4c35024d6ffbc0a9df5bf4c64116e05b50012cf846710152d2ffdf7"
    },
    "@std/media-types@1.1.0": {
      "integrity": "c9d093f0c05c3512932b330e3cc1fe1d627b301db33a4c2c2185c02471d6eaa4"
    },
    "@std/net@1.0.6": {
      "integrity": "110735f93e95bb9feb95790a8b1d1bf69ec0dc74f3f97a00a76ea5efea25500c"
    },
    "@std/path@1.1.6": {
      "integrity": "c68485c2a4dfbb5ae3cc74fae4e8c4e5d874cf8a8ed12927917235c758b46cbe",
      "dependencies": [
        "jsr:@std/internal"
      ]
    },
    "@std/streams@1.1.2": {
      "integrity": "0249bf9b78a999f57032ca4d8e7ccaa57579090242640b35ddc948fbb745d3af"
    }
  },
  "npm": {
    "@opentelemetry/api@1.9.1": {
      "integrity": "sha512-gLyJlPHPZYdAk1JENA9LeHejZe1Ti77/pTeFm/nMXmQH/HFZlcS/O2XJB+L8fkbrNSqhdtlvjBVjxwUYanNH5Q=="
    },
    "@tursodatabase/database-common@0.7.2": {
      "integrity": "sha512-c4uWaA5m7nyDemUrjvX6lQQ89cBxv1jCv7nmwq5JoagyXgbMxDeBfLcY7N5kn0oEcnD0Y+cf09S0wKEXKFKbfg=="
    },
    "@tursodatabase/database-darwin-arm64@0.7.2": {
      "integrity": "sha512-pDYbrPnmsqzWsf21bQXXGKmGhcLdfQQVjx+yrpC/IboCue5o/h9fDZ1QFzQEP6CHRXXoc+pwQCyF8KBntI8fdA==",
      "os": ["darwin"],
      "cpu": ["arm64"]
    },
    "@tursodatabase/database-linux-arm64-gnu@0.7.2": {
      "integrity": "sha512-/Blz7cRssWh7dk8vGs7Cq3kupHOnI0GROAg+u9J4MD5U5ABAabJGN7iW5YQ16jZW35Bv2AkmJAyjvsCWdTyfTg==",
      "os": ["linux"],
      "cpu": ["arm64"]
    },
    "@tursodatabase/database-linux-x64-gnu@0.7.2": {
      "integrity": "sha512-rXxInfTxKRPG3XeOAZvzJuX4wF+m9t9BjLbFnKU83Ad8ob2z88r1x+EV7IBzEFhz2FbvrRgriH7PhIEZ7Lx5ug==",
      "os": ["linux"],
      "cpu": ["x64"]
    },
    "@tursodatabase/database-win32-x64-msvc@0.7.2": {
      "integrity": "sha512-AUvN3KO1bZOpsXVofRIMM2+MJ6OghUhgK62t8/3Bsb0Zzt6PztaMvJrtaWI6u5Olx0WCfGdhaVKyegcjYPNAeA==",
      "os": ["win32"],
      "cpu": ["x64"]
    },
    "@tursodatabase/database@0.7.2": {
      "integrity": "sha512-B84QicyDYnKt97qxgb7861cQQC26kuv/LkUlCnpxGs4tuGT9zgS2z/Mt+BkG/wOo1fB4rsSycOgGCbi0xU0YOQ==",
      "dependencies": [
        "@tursodatabase/database-common"
      ],
      "optionalDependencies": [
        "@tursodatabase/database-darwin-arm64",
        "@tursodatabase/database-linux-arm64-gnu",
        "@tursodatabase/database-linux-x64-gnu",
        "@tursodatabase/database-win32-x64-msvc"
      ]
    }
  },
  "workspace": {
    "dependencies": [
      "npm:@codemirror/language@6.11.3",
      "npm:@lezer/common@1.2.3",
      "npm:@lezer/highlight@1.2.1",
      "npm:@lezer/lr@1.4.2",
      "npm:@modelcontextprotocol/sdk@1.29.0",
      "npm:@opentelemetry/api@1.9.1",
      "npm:@tursodatabase/database@0.7.2",
      "npm:acpx@0.13.0",
      "npm:markdownlint@0.40.0",
      "npm:ws@8.18.3"
    ],
    "packageJson": {
      "dependencies": [
        "npm:@lapismd/design-core@*",
        "npm:@lucide/svelte@0.523",
        "npm:@modelcontextprotocol/sdk@^1.29.0",
        "npm:@opentelemetry/api@1.9.1",
        "npm:@opentelemetry/exporter-trace-otlp-http@0.221.0",
        "npm:@opentelemetry/resources@2.10.0",
        "npm:@opentelemetry/sdk-trace-base@2.10.0",
        "npm:@opentelemetry/sdk-trace-web@2.10.0",
        "npm:@sveltejs/vite-plugin-svelte@^6.2.4",
        "npm:@tailwindcss/vite@^4.1.12",
        "npm:@tsconfig/svelte@^5.0.5",
        "npm:@types/node@^22.10.5",
        "npm:acpx@0.13",
        "npm:svelte-check@^4.3.1",
        "npm:svelte@^5.38.2",
        "npm:tailwindcss@^4.1.12",
        "npm:typescript@~5.9.3",
        "npm:vite@^7.3.2",
        "npm:vitest@^4.1.8",
        "npm:ws@^8.18.3"
      ]
    }
  }
}
